
Microsoft Visual Studio Solution File, Format Version 11.00
# Visual Studio 2010
# SharpDevelop 5.1
Project("{FAE04EC0-301F-11D3-BF4B-00C04F79EFBC}") = "Rumble-Client-CSharp-GUI", "Rumble-Client-CSharp-GUI\Rumble-Client-CSharp-GUI.csproj", "{8080031D-4221-4B99-8495-9219294CBFC3}"
EndProject
Project("{FAE04EC0-301F-11D3-BF4B-00C04F79EFBC}") = "RumbleClientLib", "..\Rumble-Client-CSharp\RumbleClientLib\RumbleClientLib.csproj", "{7552E822-41F2-4763-A494-20DC18207CA8}"
EndProject
Global
	GlobalSection(SolutionConfigurationPlatforms) = preSolution
		Debug|Any CPU = Debug|Any CPU
		Release|Any CPU = Release|Any CPU
	EndGlobalSection
	GlobalSection(ProjectConfigurationPlatforms) = postSolution
		{8080031D-4221-4B99-8495-9219294CBFC3}.Debug|Any CPU.ActiveCfg = Debug|Any CPU
		{8080031D-4221-4B99-8495-9219294CBFC3}.Debug|Any CPU.Build.0 = Debug|Any CPU
		{8080031D-4221-4B99-8495-9219294CBFC3}.Release|Any CPU.ActiveCfg = Release|Any CPU
		{8080031D-4221-4B99-8495-9219294CBFC3}.Release|Any CPU.Build.0 = Release|Any CPU
		{7552E822-41F2-4763-A494-20DC18207CA8}.Debug|Any CPU.ActiveCfg = Debug|Any CPU
		{7552E822-41F2-4763-A494-20DC18207CA8}.Debug|Any CPU.Build.0 = Debug|Any CPU
		{7552E822-41F2-4763-A494-20DC18207CA8}.Release|Any CPU.ActiveCfg = Release|Any CPU
		{7552E822-41F2-4763-A494-20DC18207CA8}.Release|Any CPU.Build.0 = Release|Any CPU
	EndGlobalSection
EndGlobal
